
Microsoft Visual Studio Solution File, Format Version 12.00
# Visual Studio 14
VisualStudioVersion = 14.0.25123.0
MinimumVisualStudioVersion = 10.0.40219.1
Project("{F184B08F-C81C-45F6-A57F-5ABD9991F28F}") = "PapeleraTraslasierra", "PapeleraTraslasierra\PapeleraTraslasierra.vbproj", "{C437EF49-F78A-44AF-8324-5F068A3D70DD}"
EndProject
Project("{F184B08F-C81C-45F6-A57F-5ABD9991F28F}") = "Entidades", "Entidades\Entidades.vbproj", "{0CB4FFED-6479-4E0A-B6A0-C729F881E35C}"
EndProject
Project("{F184B08F-C81C-45F6-A57F-5ABD9991F28F}") = "Datos", "Datos\Datos.vbproj", "{86A4ABF9-0F64-449C-8340-CE0CD9A22235}"
EndProject
Project("{F184B08F-C81C-45F6-A57F-5ABD9991F28F}") = "Mappers", "Mappers\Mappers.vbproj", "{D934ACCE-38C5-440E-A607-CFEF0E1255B2}"
EndProject
Project("{F184B08F-C81C-45F6-A57F-5ABD9991F28F}") = "Reglas", "Reglas\Reglas.vbproj", "{41AADC92-B0E5-4A59-95A7-BDA70FDB25D3}"
EndProject
Global
	GlobalSection(SolutionConfigurationPlatforms) = preSolution
		Debug|Any CPU = Debug|Any CPU
		Release|Any CPU = Release|Any CPU
	EndGlobalSection
	GlobalSection(ProjectConfigurationPlatforms) = postSolution
		{C437EF49-F78A-44AF-8324-5F068A3D70DD}.Debug|Any CPU.ActiveCfg = Debug|Any CPU
		{C437EF49-F78A-44AF-8324-5F068A3D70DD}.Debug|Any CPU.Build.0 = Debug|Any CPU
		{C437EF49-F78A-44AF-8324-5F068A3D70DD}.Release|Any CPU.ActiveCfg = Release|Any CPU
		{C437EF49-F78A-44AF-8324-5F068A3D70DD}.Release|Any CPU.Build.0 = Release|Any CPU
		{0CB4FFED-6479-4E0A-B6A0-C729F881E35C}.Debug|Any CPU.ActiveCfg = Debug|Any CPU
		{0CB4FFED-6479-4E0A-B6A0-C729F881E35C}.Debug|Any CPU.Build.0 = Debug|Any CPU
		{0CB4FFED-6479-4E0A-B6A0-C729F881E35C}.Release|Any CPU.ActiveCfg = Release|Any CPU
		{0CB4FFED-6479-4E0A-B6A0-C729F881E35C}.Release|Any CPU.Build.0 = Release|Any CPU
		{86A4ABF9-0F64-449C-8340-CE0CD9A22235}.Debug|Any CPU.ActiveCfg = Debug|Any CPU
		{86A4ABF9-0F64-449C-8340-CE0CD9A22235}.Debug|Any CPU.Build.0 = Debug|Any CPU
		{86A4ABF9-0F64-449C-8340-CE0CD9A22235}.Release|Any CPU.ActiveCfg = Release|Any CPU
		{86A4ABF9-0F64-449C-8340-CE0CD9A22235}.Release|Any CPU.Build.0 = Release|Any CPU
		{D934ACCE-38C5-440E-A607-CFEF0E1255B2}.Debug|Any CPU.ActiveCfg = Debug|Any CPU
		{D934ACCE-38C5-440E-A607-CFEF0E1255B2}.Debug|Any CPU.Build.0 = Debug|Any CPU
		{D934ACCE-38C5-440E-A607-CFEF0E1255B2}.Release|Any CPU.ActiveCfg = Release|Any CPU
		{D934ACCE-38C5-440E-A607-CFEF0E1255B2}.Release|Any CPU.Build.0 = Release|Any CPU
		{41AADC92-B0E5-4A59-95A7-BDA70FDB25D3}.Debug|Any CPU.ActiveCfg = Debug|Any CPU
		{41AADC92-B0E5-4A59-95A7-BDA70FDB25D3}.Debug|Any CPU.Build.0 = Debug|Any CPU
		{41AADC92-B0E5-4A59-95A7-BDA70FDB25D3}.Release|Any CPU.ActiveCfg = Release|Any CPU
		{41AADC92-B0E5-4A59-95A7-BDA70FDB25D3}.Release|Any CPU.Build.0 = Release|Any CPU
	EndGlobalSection
	GlobalSection(SolutionProperties) = preSolution
		HideSolutionNode = FALSE
	EndGlobalSection
EndGlobal
